
Microsoft Visual Studio Solution File, Format Version 12.00
# Visual Studio Version 17
VisualStudioVersion = 17.8.34316.72
MinimumVisualStudioVersion = 10.0.40219.1
Project("{9A19103F-16F7-4668-BE54-9A1E7A4F7556}") = "KeyAuth-Loader C# ImGui", "KeyAuth-Loader C# ImGui\KeyAuth-Loader C# ImGui.csproj", "{9CF1B89D-CA0D-4AB1-9E13-BA6415276B7F}"
EndProject
Global
	GlobalSection(SolutionConfigurationPlatforms) = preSolution
		Debug|Any CPU = Debug|Any CPU
		Debug|x64 = Debug|x64
		Release|Any CPU = Release|Any CPU
		Release|x64 = Release|x64
	EndGlobalSection
	GlobalSection(ProjectConfigurationPlatforms) = postSolution
		{9CF1B89D-CA0D-4AB1-9E13-BA6415276B7F}.Debug|Any CPU.ActiveCfg = Debug|Any CPU
		{9CF1B89D-CA0D-4AB1-9E13-BA6415276B7F}.Debug|Any CPU.Build.0 = Debug|Any CPU
		{9CF1B89D-CA0D-4AB1-9E13-BA6415276B7F}.Debug|x64.ActiveCfg = Debug|x64
		{9CF1B89D-CA0D-4AB1-9E13-BA6415276B7F}.Debug|x64.Build.0 = Debug|x64
		{9CF1B89D-CA0D-4AB1-9E13-BA6415276B7F}.Release|Any CPU.ActiveCfg = Release|Any CPU
		{9CF1B89D-CA0D-4AB1-9E13-BA6415276B7F}.Release|Any CPU.Build.0 = Release|Any CPU
		{9CF1B89D-CA0D-4AB1-9E13-BA6415276B7F}.Release|x64.ActiveCfg = Release|x64
		{9CF1B89D-CA0D-4AB1-9E13-BA6415276B7F}.Release|x64.Build.0 = Release|x64
	EndGlobalSection
	GlobalSection(SolutionProperties) = preSolution
		HideSolutionNode = FALSE
	EndGlobalSection
	GlobalSection(ExtensibilityGlobals) = postSolution
		SolutionGuid = {CE5A9E39-B05E-4AE6-9518-B4EB5DA9EC9E}
	EndGlobalSection
EndGlobal
